
Microsoft Visual Studio Solution File, Format Version 12.00
# Visual Studio Version 16
VisualStudioVersion = 16.0.30804.86
MinimumVisualStudioVersion = 10.0.40219.1
Project("{FAE04EC0-301F-11D3-BF4B-00C04F79EFBC}") = "ltql", "ltql\ltql.csproj", "{203DD8DD-17BB-4FD7-87BE-444CAB292D59}"
EndProject
Global
	GlobalSection(SolutionConfigurationPlatforms) = preSolution
		Debug|Any CPU = Debug|Any CPU
		Release|Any CPU = Release|Any CPU
	EndGlobalSection
	GlobalSection(ProjectConfigurationPlatforms) = postSolution
		{203DD8DD-17BB-4FD7-87BE-444CAB292D59}.Debug|Any CPU.ActiveCfg = Debug|Any CPU
		{203DD8DD-17BB-4FD7-87BE-444CAB292D59}.Debug|Any CPU.Build.0 = Debug|Any CPU
		{203DD8DD-17BB-4FD7-87BE-444CAB292D59}.Release|Any CPU.ActiveCfg = Release|Any CPU
		{203DD8DD-17BB-4FD7-87BE-444CAB292D59}.Release|Any CPU.Build.0 = Release|Any CPU
	EndGlobalSection
	GlobalSection(SolutionProperties) = preSolution
		HideSolutionNode = FALSE
	EndGlobalSection
	GlobalSection(ExtensibilityGlobals) = postSolution
		SolutionGuid = {6D908188-26D2-4D0A-A211-33988A6B2075}
	EndGlobalSection
EndGlobal
