
Microsoft Visual Studio Solution File, Format Version 12.00
# Visual Studio Version 16
VisualStudioVersion = 16.0.30804.86
MinimumVisualStudioVersion = 10.0.40219.1
Project("{F184B08F-C81C-45F6-A57F-5ABD9991F28F}") = "buoi1ltql", "buoi1ltql\buoi1ltql.vbproj", "{F9BBCD32-F21E-4F33-96EA-FEE1DED0CB98}"
EndProject
Global
	GlobalSection(SolutionConfigurationPlatforms) = preSolution
		Debug|Any CPU = Debug|Any CPU
		Release|Any CPU = Release|Any CPU
	EndGlobalSection
	GlobalSection(ProjectConfigurationPlatforms) = postSolution
		{F9BBCD32-F21E-4F33-96EA-FEE1DED0CB98}.Debug|Any CPU.ActiveCfg = Debug|Any CPU
		{F9BBCD32-F21E-4F33-96EA-FEE1DED0CB98}.Debug|Any CPU.Build.0 = Debug|Any CPU
		{F9BBCD32-F21E-4F33-96EA-FEE1DED0CB98}.Release|Any CPU.ActiveCfg = Release|Any CPU
		{F9BBCD32-F21E-4F33-96EA-FEE1DED0CB98}.Release|Any CPU.Build.0 = Release|Any CPU
	EndGlobalSection
	GlobalSection(SolutionProperties) = preSolution
		HideSolutionNode = FALSE
	EndGlobalSection
	GlobalSection(ExtensibilityGlobals) = postSolution
		SolutionGuid = {B0277F80-2389-497C-9B69-A3D769E4BC56}
	EndGlobalSection
EndGlobal
